{
  "name": "wind",
  "version": "1.0.0",
  "lockfileVersion": 1,
  "requires": true,
  "dependencies": {
    "@dcloudio/uni-ui": {
      "version": "1.2.12",
      "resolved": "https://registry.npm.taobao.org/@dcloudio/uni-ui/download/@dcloudio/uni-ui-1.2.12.tgz",
      "integrity": "sha1-mmSOEvVz7cXz147Hgs6Um7tobHQ="
    },
    "@hyoga/uni-socket.io": {
      "version": "3.0.4",
      "resolved": "https://registry.npm.taobao.org/@hyoga/uni-socket.io/download/@hyoga/uni-socket.io-3.0.4.tgz",
      "integrity": "sha1-DHoyEZe8Xetgr5SB/ZBv4WcRE0A="
    },
    "js-md5": {
      "version": "0.7.3",
      "resolved": "https://registry.npm.taobao.org/js-md5/download/js-md5-0.7.3.tgz",
      "integrity": "sha1-tPL7sLMnRV9ZjWcn447Ccs0Jw/I="
    }
  }
}
